PODS:
  - Flutter (1.0.0)
  - flutter_sim_country_code (0.0.1):
    - Flutter

DEPENDENCIES:
  - Flutter (from `Flutter`)
  - flutter_sim_country_code (from `.symlinks/plugins/flutter_sim_country_code/ios`)

EXTERNAL SOURCES:
  Flutter:
    :path: Flutter
  flutter_sim_country_code:
    :path: ".symlinks/plugins/flutter_sim_country_code/ios"

SPEC CHECKSUMS:
  Flutter: e0871f40cf51350855a761d2e70bf5af5b9b5de7
  flutter_sim_country_code: 364e91e71f067cdec1dd1228eb4d1f13ab1a54e5

PODFILE CHECKSUM: 7be2f5f74864d463a8ad433546ed1de7e0f29aef

COCOAPODS: 1.15.2
